
Microsoft Visual Studio Solution File, Format Version 12.00
# Visual Studio Version 16
VisualStudioVersion = 16.0.29709.97
MinimumVisualStudioVersion = 10.0.40219.1
Project("{FAE04EC0-301F-11D3-BF4B-00C04F79EFBC}") = "Launcher Patcher", "LauncherPatcher\LauncherPatcher.csproj", "{DEBD4ADC-1558-4F62-AC42-78090D6C68BC}"
EndProject
Global
	GlobalSection(SolutionConfigurationPlatforms) = preSolution
		Debug|Any CPU = Debug|Any CPU
		Release|Any CPU = Release|Any CPU
	EndGlobalSection
	GlobalSection(ProjectConfigurationPlatforms) = postSolution
		{DEBD4ADC-1558-4F62-AC42-78090D6C68BC}.Debug|Any CPU.ActiveCfg = Debug|Any CPU
		{DEBD4ADC-1558-4F62-AC42-78090D6C68BC}.Debug|Any CPU.Build.0 = Debug|Any CPU
		{DEBD4ADC-1558-4F62-AC42-78090D6C68BC}.Release|Any CPU.ActiveCfg = Release|Any CPU
		{DEBD4ADC-1558-4F62-AC42-78090D6C68BC}.Release|Any CPU.Build.0 = Release|Any CPU
	EndGlobalSection
	GlobalSection(SolutionProperties) = preSolution
		HideSolutionNode = FALSE
	EndGlobalSection
	GlobalSection(ExtensibilityGlobals) = postSolution
		SolutionGuid = {41497975-2121-4614-89E7-9C43C3C7B497}
	EndGlobalSection
EndGlobal
